
Microsoft Visual Studio Solution File, Format Version 12.00
# Visual Studio 15
VisualStudioVersion = 15.0.26228.4
MinimumVisualStudioVersion = 10.0.40219.1
Project("{2150E333-8FDC-42A3-9474-1A3956D46DE8}") = "src", "src", "{644B714C-90E0-4B31-876A-9808233726B4}"
EndProject
Project("{2150E333-8FDC-42A3-9474-1A3956D46DE8}") = "Solution Items", "Solution Items", "{D5CED0F3-923B-424A-B103-D71488873996}"
	ProjectSection(SolutionItems) = preProject
		.gitignore = .gitignore
		build-container.sh = build-container.sh
		build.ps1 = build.ps1
		build.sh = build.sh
		circle.yml = circle.yml
		docker-compose-build.yml = docker-compose-build.yml
	EndProjectSection
EndProject
Project("{2150E333-8FDC-42A3-9474-1A3956D46DE8}") = "test", "test", "{9CFA3CB1-FEAC-4EA3-A916-A2FA59F0C8FE}"
EndProject
Project("{9A19103F-16F7-4668-BE54-9A1E7A4F7556}") = "doc-stack-app-api", "src\doc-stack-app-api\doc-stack-app-api.csproj", "{7F591D29-3C1E-4A32-91CB-D127E6A89911}"
EndProject
Project("{9A19103F-16F7-4668-BE54-9A1E7A4F7556}") = "doc-stack-app-api.tests", "test\doc-stack-app-api.tests\doc-stack-app-api.tests.csproj", "{0EE9844C-E9B4-48FA-8323-A5035C625502}"
EndProject
Global
	GlobalSection(SolutionConfigurationPlatforms) = preSolution
		Debug|Any CPU = Debug|Any CPU
		Release|Any CPU = Release|Any CPU
	EndGlobalSection
	GlobalSection(ProjectConfigurationPlatforms) = postSolution
		{7F591D29-3C1E-4A32-91CB-D127E6A89911}.Debug|Any CPU.ActiveCfg = Debug|Any CPU
		{7F591D29-3C1E-4A32-91CB-D127E6A89911}.Debug|Any CPU.Build.0 = Debug|Any CPU
		{7F591D29-3C1E-4A32-91CB-D127E6A89911}.Release|Any CPU.ActiveCfg = Release|Any CPU
		{7F591D29-3C1E-4A32-91CB-D127E6A89911}.Release|Any CPU.Build.0 = Release|Any CPU
		{0EE9844C-E9B4-48FA-8323-A5035C625502}.Debug|Any CPU.ActiveCfg = Debug|Any CPU
		{0EE9844C-E9B4-48FA-8323-A5035C625502}.Debug|Any CPU.Build.0 = Debug|Any CPU
		{0EE9844C-E9B4-48FA-8323-A5035C625502}.Release|Any CPU.ActiveCfg = Release|Any CPU
		{0EE9844C-E9B4-48FA-8323-A5035C625502}.Release|Any CPU.Build.0 = Release|Any CPU
	EndGlobalSection
	GlobalSection(SolutionProperties) = preSolution
		HideSolutionNode = FALSE
	EndGlobalSection
	GlobalSection(NestedProjects) = preSolution
		{7F591D29-3C1E-4A32-91CB-D127E6A89911} = {644B714C-90E0-4B31-876A-9808233726B4}
		{0EE9844C-E9B4-48FA-8323-A5035C625502} = {9CFA3CB1-FEAC-4EA3-A916-A2FA59F0C8FE}
	EndGlobalSection
EndGlobal
